
Microsoft Visual Studio Solution File, Format Version 12.00
# Visual Studio Version 17
VisualStudioVersion = 17.1.32414.318
MinimumVisualStudioVersion = 10.0.40219.1
Project("{FAE04EC0-301F-11D3-BF4B-00C04F79EFBC}") = "BezierCurve", "WindowsFormsApp1\BezierCurve.csproj", "{9176AA42-3A2E-40A0-82D8-2BEC7CA57D48}"
EndProject
Global
	GlobalSection(SolutionConfigurationPlatforms) = preSolution
		Debug|Any CPU = Debug|Any CPU
		Release|Any CPU = Release|Any CPU
	EndGlobalSection
	GlobalSection(ProjectConfigurationPlatforms) = postSolution
		{9176AA42-3A2E-40A0-82D8-2BEC7CA57D48}.Debug|Any CPU.ActiveCfg = Debug|Any CPU
		{9176AA42-3A2E-40A0-82D8-2BEC7CA57D48}.Debug|Any CPU.Build.0 = Debug|Any CPU
		{9176AA42-3A2E-40A0-82D8-2BEC7CA57D48}.Release|Any CPU.ActiveCfg = Release|Any CPU
		{9176AA42-3A2E-40A0-82D8-2BEC7CA57D48}.Release|Any CPU.Build.0 = Release|Any CPU
	EndGlobalSection
	GlobalSection(SolutionProperties) = preSolution
		HideSolutionNode = FALSE
	EndGlobalSection
	GlobalSection(ExtensibilityGlobals) = postSolution
		SolutionGuid = {550E18DE-BDCE-4633-AD5D-66BE89CC22DB}
	EndGlobalSection
EndGlobal
